// !$*UTF8*$!
{
	archiveVersion = 1;
	classes = {
	};
	objectVersion = 46;
	objects = {

/* Begin PBXBuildFile section */
		7D67E6AE1CEE0587002DF867 /* main.cpp in Sources */ = {isa = PBXBuildFile; fileRef = 7D67E6AD1CEE0587002DF867 /* main.cpp */; };
		7D67E6B91CEE163F002DF867 /* Life.cpp in Sources */ = {isa = PBXBuildFile; fileRef = 7D67E6B71CEE163F002DF867 /* Life.cpp */; };
		7D67E6BF1CEE1E48002DF867 /* Random.cpp in Sources */ = {isa = PBXBuildFile; fileRef = 7D67E6BD1CEE1E48002DF867 /* Random.cpp */; };
/* End PBXBuildFile section */

/* Begin PBXCopyFilesBuildPhase section */
		7D67E6A81CEE0587002DF867 /* CopyFiles */ = {
			isa = PBXCopyFilesBuildPhase;
			buildActionMask = 2147483647;
			dstPath = /usr/share/man/man1/;
			dstSubfolderSpec = 0;
			files = (
			);
			runOnlyForDeploymentPostprocessing = 1;
		};
/* End PBXCopyFilesBuildPhase section */

/* Begin PBXFileReference section */
		7D67E6AA1CEE0587002DF867 /* LifeSimulator */ = {isa = PBXFileReference; explicitFileType = "compiled.mach-o.executable"; includeInIndex = 0; path = LifeSimulator; sourceTree = BUILT_PRODUCTS_DIR; };
		7D67E6AD1CEE0587002DF867 /* main.cpp */ = {isa = PBXFileReference; lastKnownFileType = sourcecode.cpp.cpp; path = main.cpp; sourceTree = "<group>"; };
		7D67E6B71CEE163F002DF867 /* Life.cpp */ = {isa = PBXFileReference; fileEncoding = 4; lastKnownFileType = sourcecode.cpp.cpp; path = Life.cpp; sourceTree = "<group>"; };
		7D67E6B81CEE163F002DF867 /* Life.hpp */ = {isa = PBXFileReference; fileEncoding = 4; lastKnownFileType = sourcecode.cpp.h; path = Life.hpp; sourceTree = "<group>"; };
		7D67E6BD1CEE1E48002DF867 /* Random.cpp */ = {isa = PBXFileReference; fileEncoding = 4; lastKnownFileType = sourcecode.cpp.cpp; path = Random.cpp; sourceTree = "<group>"; };
		7D67E6BE1CEE1E48002DF867 /* Random.hpp */ = {isa = PBXFileReference; fileEncoding = 4; lastKnownFileType = sourcecode.cpp.h; path = Random.hpp; sourceTree = "<group>"; };
/* End PBXFileReference section */

/* Begin PBXFrameworksBuildPhase section */
		7D67E6A71CEE0587002DF867 /* Frameworks */ = {
			isa = PBXFrameworksBuildPhase;
			buildActionMask = 2147483647;
			files = (
			);
			runOnlyForDeploymentPostprocessing = 0;
		};
/* End PBXFrameworksBuildPhase section */

/* Begin PBXGroup section */
		7D67E6A11CEE0587002DF867 = {
			isa = PBXGroup;
			children = (
				7D67E6AC1CEE0587002DF867 /* LifeSimulator */,
				7D67E6AB1CEE0587002DF867 /* Products */,
			);
			sourceTree = "<group>";
		};
		7D67E6AB1CEE0587002DF867 /* Products */ = {
			isa = PBXGroup;
			children = (
				7D67E6AA1CEE0587002DF867 /* LifeSimulator */,
			);
			name = Products;
			sourceTree = "<group>";
		};
		7D67E6AC1CEE0587002DF867 /* LifeSimulator */ = {
			isa = PBXGroup;
			children = (
				7D67E6B71CEE163F002DF867 /* Life.cpp */,
				7D67E6B81CEE163F002DF867 /* Life.hpp */,
				7D67E6BD1CEE1E48002DF867 /* Random.cpp */,
				7D67E6BE1CEE1E48002DF867 /* Random.hpp */,
				7D67E6AD1CEE0587002DF867 /* main.cpp */,
			);
			path = LifeSimulator;
			sourceTree = "<group>";
		};
/* End PBXGroup section */

/* Begin PBXNativeTarget section */
		7D67E6A91CEE0587002DF867 /* LifeSimulator */ = {
			isa = PBXNativeTarget;
			buildConfigurationList = 7D67E6B11CEE0587002DF867 /* Build configuration list for PBXNativeTarget "LifeSimulator" */;
			buildPhases = (
				7D67E6A61CEE0587002DF867 /* Sources */,
				7D67E6A71CEE0587002DF867 /* Frameworks */,
				7D67E6A81CEE0587002DF867 /* CopyFiles */,
			);
			buildRules = (
			);
			dependencies = (
			);
			name = LifeSimulator;
			productName = LifeSimulator;
			productReference = 7D67E6AA1CEE0587002DF867 /* LifeSimulator */;
			productType = "com.apple.product-type.tool";
		};
/* End PBXNativeTarget section */

/* Begin PBXProject section */
		7D67E6A21CEE0587002DF867 /* Project object */ = {
			isa = PBXProject;
			attributes = {
				LastUpgradeCheck = 0730;
				ORGANIZATIONNAME = "Alexey Furman";
				TargetAttributes = {
					7D67E6A91CEE0587002DF867 = {
						CreatedOnToolsVersion = 7.3.1;
					};
				};
			};
			buildConfigurationList = 7D67E6A51CEE0587002DF867 /* Build configuration list for PBXProject "LifeSimulator" */;
			compatibilityVersion = "Xcode 3.2";
			developmentRegion = English;
			hasScannedForEncodings = 0;
			knownRegions = (
				en,
			);
			mainGroup = 7D67E6A11CEE0587002DF867;
			productRefGroup = 7D67E6AB1CEE0587002DF867 /* Products */;
			projectDirPath = "";
			projectRoot = "";
			targets = (
				7D67E6A91CEE0587002DF867 /* LifeSimulator */,
			);
		};
/* End PBXProject section */

/* Begin PBXSourcesBuildPhase section */
		7D67E6A61CEE0587002DF867 /* Sources */ = {
			isa = PBXSourcesBuildPhase;
			buildActionMask = 2147483647;
			files = (
				7D67E6AE1CEE0587002DF867 /* main.cpp in Sources */,
				7D67E6B91CEE163F002DF867 /* Life.cpp in Sources */,
				7D67E6BF1CEE1E48002DF867 /* Random.cpp in Sources */,
			);
			runOnlyForDeploymentPostprocessing = 0;
		};
/* End PBXSourcesBuildPhase section */

/* Begin XCBuildConfiguration section */
		7D67E6AF1CEE0587002DF867 /* Debug */ = {
			isa = XCBuildConfiguration;
			buildSettings = {
				ALWAYS_SEARCH_USER_PATHS = NO;
				CLANG_ANALYZER_NONNULL = YES;
				CLANG_CXX_LANGUAGE_STANDARD = "gnu++0x";
				CLANG_CXX_LIBRARY = "libc++";
				CLANG_ENABLE_MODULES = YES;
				CLANG_ENABLE_OBJC_ARC = YES;
				CLANG_WARN_BOOL_CONVERSION = YES;
				CLANG_WARN_CONSTANT_CONVERSION = YES;
				CLANG_WARN_DIRECT_OBJC_ISA_USAGE = YES_ERROR;
				CLANG_WARN_EMPTY_BODY = YES;
				CLANG_WARN_ENUM_CONVERSION = YES;
				CLANG_WARN_INT_CONVERSION = YES;
				CLANG_WARN_OBJC_ROOT_CLASS = YES_ERROR;
				CLANG_WARN_UNREACHABLE_CODE = YES;
				CLANG_WARN__DUPLICATE_METHOD_MATCH = YES;
				CODE_SIGN_IDENTITY = "-";
				COPY_PHASE_STRIP = NO;
				DEBUG_INFORMATION_FORMAT = dwarf;
				ENABLE_STRICT_OBJC_MSGSEND = YES;
				ENABLE_TESTABILITY = YES;
				GCC_C_LANGUAGE_STANDARD = gnu99;
				GCC_DYNAMIC_NO_PIC = NO;
				GCC_NO_COMMON_BLOCKS = YES;
				GCC_OPTIMIZATION_LEVEL = 0;
				GCC_PREPROCESSOR_DEFINITIONS = (
					"DEBUG=1",
					"$(inherited)",
				);
				GCC_WARN_64_TO_32_BIT_CONVERSION = YES;
				GCC_WARN_ABOUT_RETURN_TYPE = YES_ERROR;
				GCC_WARN_UNDECLARED_SELECTOR = YES;
				GCC_WARN_UNINITIALIZED_AUTOS = YES_AGGRESSIVE;
				GCC_WARN_UNUSED_FUNCTION = YES;
				GCC_WARN_UNUSED_VARIABLE = YES;
				MACOSX_DEPLOYMENT_TARGET = 10.11;
				MTL_ENABLE_DEBUG_INFO = YES;
				ONLY_ACTIVE_ARCH = YES;
				SDKROOT = macosx;
			};
			name = Debug;
		};
		7D67E6B01CEE0587002DF867 /* Release */ = {
			isa = XCBuildConfiguration;
			buildSettings = {
				ALWAYS_SEARCH_USER_PATHS = NO;
				CLANG_ANALYZER_NONNULL = YES;
				CLANG_CXX_LANGUAGE_STANDARD = "gnu++0x";
				CLANG_CXX_LIBRARY = "libc++";
				CLANG_ENABLE_MODULES = YES;
				CLANG_ENABLE_OBJC_ARC = YES;
				CLANG_WARN_BOOL_CONVERSION = YES;
				CLANG_WARN_CONSTANT_CONVERSION = YES;
				CLANG_WARN_DIRECT_OBJC_ISA_USAGE = YES_ERROR;
				CLANG_WARN_EMPTY_BODY = YES;
				CLANG_WARN_ENUM_CONVERSION = YES;
				CLANG_WARN_INT_CONVERSION = YES;
				CLANG_WARN_OBJC_ROOT_CLASS = YES_ERROR;
				CLANG_WARN_UNREACHABLE_CODE = YES;
				CLANG_WARN__DUPLICATE_METHOD_MATCH = YES;
				CODE_SIGN_IDENTITY = "-";
				COPY_PHASE_STRIP = NO;
				DEBUG_INFORMATION_FORMAT = "dwarf-with-dsym";
				ENABLE_NS_ASSERTIONS = NO;
				ENABLE_STRICT_OBJC_MSGSEND = YES;
				GCC_C_LANGUAGE_STANDARD = gnu99;
				GCC_NO_COMMON_BLOCKS = YES;
				GCC_WARN_64_TO_32_BIT_CONVERSION = YES;
				GCC_WARN_ABOUT_RETURN_TYPE = YES_ERROR;
				GCC_WARN_UNDECLARED_SELECTOR = YES;
				GCC_WARN_UNINITIALIZED_AUTOS = YES_AGGRESSIVE;
				GCC_WARN_UNUSED_FUNCTION = YES;
				GCC_WARN_UNUSED_VARIABLE = YES;
				MACOSX_DEPLOYMENT_TARGET = 10.11;
				MTL_ENABLE_DEBUG_INFO = NO;
				SDKROOT = macosx;
			};
			name = Release;
		};
		7D67E6B21CEE0587002DF867 /* Debug */ = {
			isa = XCBuildConfiguration;
			buildSettings = {
				PRODUCT_NAME = "$(TARGET_NAME)";
			};
			name = Debug;
		};
		7D67E6B31CEE0587002DF867 /* Release */ = {
			isa = XCBuildConfiguration;
			buildSettings = {
				PRODUCT_NAME = "$(TARGET_NAME)";
			};
			name = Release;
		};
/* End XCBuildConfiguration section */

/* Begin XCConfigurationList section */
		7D67E6A51CEE0587002DF867 /* Build configuration list for PBXProject "LifeSimulator" */ = {
			isa = XCConfigurationList;
			buildConfigurations = (
				7D67E6AF1CEE0587002DF867 /* Debug */,
				7D67E6B01CEE0587002DF867 /* Release */,
			);
			defaultConfigurationIsVisible = 0;
			defaultConfigurationName = Release;
		};
		7D67E6B11CEE0587002DF867 /* Build configuration list for PBXNativeTarget "LifeSimulator" */ = {
			isa = XCConfigurationList;
			buildConfigurations = (
				7D67E6B21CEE0587002DF867 /* Debug */,
				7D67E6B31CEE0587002DF867 /* Release */,
			);
			defaultConfigurationIsVisible = 0;
			defaultConfigurationName = Release;
		};
/* End XCConfigurationList section */
	};
	rootObject = 7D67E6A21CEE0587002DF867 /* Project object */;
}
